
Microsoft Visual Studio Solution File, Format Version 12.00
# Visual Studio Version 17
VisualStudioVersion = 17.10.35122.118
MinimumVisualStudioVersion = 10.0.40219.1
Project("{FAE04EC0-301F-11D3-BF4B-00C04F79EFBC}") = "DevBlog.Api", "DevBlog.Api.csproj", "{BE01B7FE-A235-47CB-BF29-367E0024A1D2}"
EndProject
Global
	GlobalSection(SolutionConfigurationPlatforms) = preSolution
		Debug|Any CPU = Debug|Any CPU
		Release|Any CPU = Release|Any CPU
	EndGlobalSection
	GlobalSection(ProjectConfigurationPlatforms) = postSolution
		{BE01B7FE-A235-47CB-BF29-367E0024A1D2}.Debug|Any CPU.ActiveCfg = Debug|Any CPU
		{BE01B7FE-A235-47CB-BF29-367E0024A1D2}.Debug|Any CPU.Build.0 = Debug|Any CPU
		{BE01B7FE-A235-47CB-BF29-367E0024A1D2}.Release|Any CPU.ActiveCfg = Release|Any CPU
		{BE01B7FE-A235-47CB-BF29-367E0024A1D2}.Release|Any CPU.Build.0 = Release|Any CPU
	EndGlobalSection
	GlobalSection(SolutionProperties) = preSolution
		HideSolutionNode = FALSE
	EndGlobalSection
	GlobalSection(ExtensibilityGlobals) = postSolution
		SolutionGuid = {0BBE4BD6-A5C0-4DDB-AE04-B8E55D3FA63D}
	EndGlobalSection
EndGlobal
